
Microsoft Visual Studio Solution File, Format Version 10.00
# Visual Studio 2008
Project("{8BC9CEB8-8B4A-11D0-8D11-00A0C91BC942}") = "SallyConfig", "SallyConfig\SallyConfig.vcproj", "{FD7B8689-DD02-422F-99E7-0817DF709F6E}"
EndProject
Project("{8BC9CEB8-8B4A-11D0-8D11-00A0C91BC942}") = "SallyUpdate", "SallyUpdate\SallyUpdate.vcproj", "{CE8F04A9-6C7D-4CE8-B8A3-BD2883B3707F}"
EndProject
Project("{8BC9CEB8-8B4A-11D0-8D11-00A0C91BC942}") = "SallyConfigUpdater", "SallyConfigUpdater\SallyConfigUpdater.vcproj", "{99E3D2BC-C21C-44F4-9937-C092E3F02B27}"
EndProject
Project("{8BC9CEB8-8B4A-11D0-8D11-00A0C91BC942}") = "SallyAdminProcess", "SallyAdminProcess\SallyAdminProcess.vcproj", "{49551F1B-9522-471D-9420-309D8E8F8B03}"
EndProject
Global
	GlobalSection(SubversionScc) = preSolution
		Svn-Managed = True
		Manager = AnkhSVN - Subversion Support for Visual Studio
	EndGlobalSection
	GlobalSection(SolutionConfigurationPlatforms) = preSolution
		Debug|Win32 = Debug|Win32
		Release|Win32 = Release|Win32
	EndGlobalSection
	GlobalSection(ProjectConfigurationPlatforms) = postSolution
		{FD7B8689-DD02-422F-99E7-0817DF709F6E}.Debug|Win32.ActiveCfg = Debug|Win32
		{FD7B8689-DD02-422F-99E7-0817DF709F6E}.Debug|Win32.Build.0 = Debug|Win32
		{FD7B8689-DD02-422F-99E7-0817DF709F6E}.Release|Win32.ActiveCfg = Release|Win32
		{FD7B8689-DD02-422F-99E7-0817DF709F6E}.Release|Win32.Build.0 = Release|Win32
		{CE8F04A9-6C7D-4CE8-B8A3-BD2883B3707F}.Debug|Win32.ActiveCfg = Debug|Win32
		{CE8F04A9-6C7D-4CE8-B8A3-BD2883B3707F}.Debug|Win32.Build.0 = Debug|Win32
		{CE8F04A9-6C7D-4CE8-B8A3-BD2883B3707F}.Release|Win32.ActiveCfg = Release|Win32
		{CE8F04A9-6C7D-4CE8-B8A3-BD2883B3707F}.Release|Win32.Build.0 = Release|Win32
		{99E3D2BC-C21C-44F4-9937-C092E3F02B27}.Debug|Win32.ActiveCfg = Debug|Win32
		{99E3D2BC-C21C-44F4-9937-C092E3F02B27}.Debug|Win32.Build.0 = Debug|Win32
		{99E3D2BC-C21C-44F4-9937-C092E3F02B27}.Release|Win32.ActiveCfg = Release|Win32
		{99E3D2BC-C21C-44F4-9937-C092E3F02B27}.Release|Win32.Build.0 = Release|Win32
		{49551F1B-9522-471D-9420-309D8E8F8B03}.Debug|Win32.ActiveCfg = Debug|Win32
		{49551F1B-9522-471D-9420-309D8E8F8B03}.Debug|Win32.Build.0 = Debug|Win32
		{49551F1B-9522-471D-9420-309D8E8F8B03}.Release|Win32.ActiveCfg = Release|Win32
		{49551F1B-9522-471D-9420-309D8E8F8B03}.Release|Win32.Build.0 = Release|Win32
	EndGlobalSection
	GlobalSection(SolutionProperties) = preSolution
		HideSolutionNode = FALSE
	EndGlobalSection
EndGlobal
